// !$*UTF8*$!
{
	archiveVersion = 1;
	classes = {
	};
	objectVersion = 56;
	objects = {

/* Begin PBXBuildFile section */
		6D0705D52CBDE737004CEC43 /* TabBar.swift in Sources */ = {isa = PBXBuildFile; fileRef = 6D0705D42CBDE737004CEC43 /* TabBar.swift */; };
		6D0705D72CBDEC96004CEC43 /* addPinButton.swift in Sources */ = {isa = PBXBuildFile; fileRef = 6D0705D62CBDEC96004CEC43 /* addPinButton.swift */; };
		6D4341BD2CC00E11001836BB /* addPinModal.swift in Sources */ = {isa = PBXBuildFile; fileRef = 6D4341BC2CC00E11001836BB /* addPinModal.swift */; };
		6D53DB462CBDB8260025FDD0 /* addPinView.swift in Sources */ = {isa = PBXBuildFile; fileRef = 6D53DB452CBDB8260025FDD0 /* addPinView.swift */; };
		6D53DB482CBDB85D0025FDD0 /* partnerView.swift in Sources */ = {isa = PBXBuildFile; fileRef = 6D53DB472CBDB85D0025FDD0 /* partnerView.swift */; };
		6D53DB4A2CBDB8800025FDD0 /* settingsView.swift in Sources */ = {isa = PBXBuildFile; fileRef = 6D53DB492CBDB8800025FDD0 /* settingsView.swift */; };
		6D53DB4C2CBDCB490025FDD0 /* customTabBar.swift in Sources */ = {isa = PBXBuildFile; fileRef = 6D53DB4B2CBDCB490025FDD0 /* customTabBar.swift */; };
		6D6DE8CA2CBB5C3C004E3A0F /* homeView.swift in Sources */ = {isa = PBXBuildFile; fileRef = 6D6DE8C92CBB5C3B004E3A0F /* homeView.swift */; };
		6D6DE8CC2CBB5E65004E3A0F /* pinListView.swift in Sources */ = {isa = PBXBuildFile; fileRef = 6D6DE8CB2CBB5E65004E3A0F /* pinListView.swift */; };
		6D88BE422C8FB860002B9F2B /* CounterData.swift in Sources */ = {isa = PBXBuildFile; fileRef = 6D88BE412C8FB860002B9F2B /* CounterData.swift */; };
		6D88BE482C8FC0AF002B9F2B /* UserData.swift in Sources */ = {isa = PBXBuildFile; fileRef = 6D88BE472C8FC0AF002B9F2B /* UserData.swift */; };
		6D88BE4E2C950DDC002B9F2B /* PinData.swift in Sources */ = {isa = PBXBuildFile; fileRef = 6D88BE4D2C950DDC002B9F2B /* PinData.swift */; };
		6D88BE502C98C1E2002B9F2B /* MemoryData.swift in Sources */ = {isa = PBXBuildFile; fileRef = 6D88BE4F2C98C1E2002B9F2B /* MemoryData.swift */; };
		6D88BE522C98C30D002B9F2B /* UserPartnershipData.swift in Sources */ = {isa = PBXBuildFile; fileRef = 6D88BE512C98C30D002B9F2B /* UserPartnershipData.swift */; };
		6D88BE542C98C4C6002B9F2B /* LoginRequest.swift in Sources */ = {isa = PBXBuildFile; fileRef = 6D88BE532C98C4C6002B9F2B /* LoginRequest.swift */; };
		6D88BE562C98C69E002B9F2B /* UserViewModel.swift in Sources */ = {isa = PBXBuildFile; fileRef = 6D88BE552C98C69E002B9F2B /* UserViewModel.swift */; };
		6DD4DBC32C6AC198005A662E /* LUNAApp.swift in Sources */ = {isa = PBXBuildFile; fileRef = 6DD4DBC22C6AC198005A662E /* LUNAApp.swift */; };
		6DD4DBC72C6AC199005A662E /* Assets.xcassets in Resources */ = {isa = PBXBuildFile; fileRef = 6DD4DBC62C6AC199005A662E /* Assets.xcassets */; };
		6DD4DBCA2C6AC199005A662E /* Preview Assets.xcassets in Resources */ = {isa = PBXBuildFile; fileRef = 6DD4DBC92C6AC199005A662E /* Preview Assets.xcassets */; };
		6DF90BAD2CBF3A1800918174 /* pinDetailView.swift in Sources */ = {isa = PBXBuildFile; fileRef = 6DF90BAC2CBF3A1800918174 /* pinDetailView.swift */; };
		6DF90BAF2CBF3FFD00918174 /* AppState.swift in Sources */ = {isa = PBXBuildFile; fileRef = 6DF90BAE2CBF3FFD00918174 /* AppState.swift */; };
/* End PBXBuildFile section */

/* Begin PBXFileReference section */
		6D0705D42CBDE737004CEC43 /* TabBar.swift */ = {isa = PBXFileReference; lastKnownFileType = sourcecode.swift; path = TabBar.swift; sourceTree = "<group>"; };
		6D0705D62CBDEC96004CEC43 /* addPinButton.swift */ = {isa = PBXFileReference; lastKnownFileType = sourcecode.swift; path = addPinButton.swift; sourceTree = "<group>"; };
		6D4341BC2CC00E11001836BB /* addPinModal.swift */ = {isa = PBXFileReference; lastKnownFileType = sourcecode.swift; path = addPinModal.swift; sourceTree = "<group>"; };
		6D53DB452CBDB8260025FDD0 /* addPinView.swift */ = {isa = PBXFileReference; lastKnownFileType = sourcecode.swift; path = addPinView.swift; sourceTree = "<group>"; };
		6D53DB472CBDB85D0025FDD0 /* partnerView.swift */ = {isa = PBXFileReference; lastKnownFileType = sourcecode.swift; path = partnerView.swift; sourceTree = "<group>"; };
		6D53DB492CBDB8800025FDD0 /* settingsView.swift */ = {isa = PBXFileReference; lastKnownFileType = sourcecode.swift; path = settingsView.swift; sourceTree = "<group>"; };
		6D53DB4B2CBDCB490025FDD0 /* customTabBar.swift */ = {isa = PBXFileReference; lastKnownFileType = sourcecode.swift; path = customTabBar.swift; sourceTree = "<group>"; };
		6D6DE8C92CBB5C3B004E3A0F /* homeView.swift */ = {isa = PBXFileReference; lastKnownFileType = sourcecode.swift; path = homeView.swift; sourceTree = "<group>"; };
		6D6DE8CB2CBB5E65004E3A0F /* pinListView.swift */ = {isa = PBXFileReference; lastKnownFileType = sourcecode.swift; path = pinListView.swift; sourceTree = "<group>"; };
		6D88BE412C8FB860002B9F2B /* CounterData.swift */ = {isa = PBXFileReference; lastKnownFileType = sourcecode.swift; path = CounterData.swift; sourceTree = "<group>"; };
		6D88BE472C8FC0AF002B9F2B /* UserData.swift */ = {isa = PBXFileReference; lastKnownFileType = sourcecode.swift; path = UserData.swift; sourceTree = "<group>"; };
		6D88BE4D2C950DDC002B9F2B /* PinData.swift */ = {isa = PBXFileReference; lastKnownFileType = sourcecode.swift; path = PinData.swift; sourceTree = "<group>"; };
		6D88BE4F2C98C1E2002B9F2B /* MemoryData.swift */ = {isa = PBXFileReference; lastKnownFileType = sourcecode.swift; path = MemoryData.swift; sourceTree = "<group>"; };
		6D88BE512C98C30D002B9F2B /* UserPartnershipData.swift */ = {isa = PBXFileReference; lastKnownFileType = sourcecode.swift; path = UserPartnershipData.swift; sourceTree = "<group>"; };
		6D88BE532C98C4C6002B9F2B /* LoginRequest.swift */ = {isa = PBXFileReference; lastKnownFileType = sourcecode.swift; path = LoginRequest.swift; sourceTree = "<group>"; };
		6D88BE552C98C69E002B9F2B /* UserViewModel.swift */ = {isa = PBXFileReference; lastKnownFileType = sourcecode.swift; path = UserViewModel.swift; sourceTree = "<group>"; };
		6DD4DBBF2C6AC198005A662E /* LUNA.app */ = {isa = PBXFileReference; explicitFileType = wrapper.application; includeInIndex = 0; path = LUNA.app; sourceTree = BUILT_PRODUCTS_DIR; };
		6DD4DBC22C6AC198005A662E /* LUNAApp.swift */ = {isa = PBXFileReference; lastKnownFileType = sourcecode.swift; path = LUNAApp.swift; sourceTree = "<group>"; };
		6DD4DBC62C6AC199005A662E /* Assets.xcassets */ = {isa = PBXFileReference; lastKnownFileType = folder.assetcatalog; path = Assets.xcassets; sourceTree = "<group>"; };
		6DD4DBC92C6AC199005A662E /* Preview Assets.xcassets */ = {isa = PBXFileReference; lastKnownFileType = folder.assetcatalog; path = "Preview Assets.xcassets"; sourceTree = "<group>"; };
		6DF90BAC2CBF3A1800918174 /* pinDetailView.swift */ = {isa = PBXFileReference; lastKnownFileType = sourcecode.swift; path = pinDetailView.swift; sourceTree = "<group>"; };
		6DF90BAE2CBF3FFD00918174 /* AppState.swift */ = {isa = PBXFileReference; lastKnownFileType = sourcecode.swift; path = AppState.swift; sourceTree = "<group>"; };
/* End PBXFileReference section */

/* Begin PBXFrameworksBuildPhase section */
		6DD4DBBC2C6AC198005A662E /* Frameworks */ = {
			isa = PBXFrameworksBuildPhase;
			buildActionMask = 2147483647;
			files = (
			);
			runOnlyForDeploymentPostprocessing = 0;
		};
/* End PBXFrameworksBuildPhase section */

/* Begin PBXGroup section */
		6D88BE3C2C8FB61C002B9F2B /* Views */ = {
			isa = PBXGroup;
			children = (
				6D6DE8C92CBB5C3B004E3A0F /* homeView.swift */,
				6D6DE8CB2CBB5E65004E3A0F /* pinListView.swift */,
				6D53DB452CBDB8260025FDD0 /* addPinView.swift */,
				6D53DB472CBDB85D0025FDD0 /* partnerView.swift */,
				6D53DB492CBDB8800025FDD0 /* settingsView.swift */,
				6D53DB4B2CBDCB490025FDD0 /* customTabBar.swift */,
				6D0705D42CBDE737004CEC43 /* TabBar.swift */,
				6D0705D62CBDEC96004CEC43 /* addPinButton.swift */,
				6DF90BAC2CBF3A1800918174 /* pinDetailView.swift */,
				6D4341BC2CC00E11001836BB /* addPinModal.swift */,
			);
			path = Views;
			sourceTree = "<group>";
		};
		6D88BE3D2C8FB643002B9F2B /* ViewModels */ = {
			isa = PBXGroup;
			children = (
				6D88BE552C98C69E002B9F2B /* UserViewModel.swift */,
			);
			path = ViewModels;
			sourceTree = "<group>";
		};
		6D88BE3E2C8FB64D002B9F2B /* Models */ = {
			isa = PBXGroup;
			children = (
				6D88BE412C8FB860002B9F2B /* CounterData.swift */,
				6D88BE472C8FC0AF002B9F2B /* UserData.swift */,
				6D88BE4D2C950DDC002B9F2B /* PinData.swift */,
				6D88BE4F2C98C1E2002B9F2B /* MemoryData.swift */,
				6D88BE512C98C30D002B9F2B /* UserPartnershipData.swift */,
				6D88BE532C98C4C6002B9F2B /* LoginRequest.swift */,
			);
			path = Models;
			sourceTree = "<group>";
		};
		6DD4DBB62C6AC198005A662E = {
			isa = PBXGroup;
			children = (
				6DD4DBC12C6AC198005A662E /* LUNA */,
				6DD4DBC02C6AC198005A662E /* Products */,
			);
			sourceTree = "<group>";
		};
		6DD4DBC02C6AC198005A662E /* Products */ = {
			isa = PBXGroup;
			children = (
				6DD4DBBF2C6AC198005A662E /* LUNA.app */,
			);
			name = Products;
			sourceTree = "<group>";
		};
		6DD4DBC12C6AC198005A662E /* LUNA */ = {
			isa = PBXGroup;
			children = (
				6D88BE3E2C8FB64D002B9F2B /* Models */,
				6D88BE3D2C8FB643002B9F2B /* ViewModels */,
				6D88BE3C2C8FB61C002B9F2B /* Views */,
				6DD4DBC22C6AC198005A662E /* LUNAApp.swift */,
				6DD4DBC62C6AC199005A662E /* Assets.xcassets */,
				6DD4DBC82C6AC199005A662E /* Preview Content */,
				6DF90BAE2CBF3FFD00918174 /* AppState.swift */,
			);
			path = LUNA;
			sourceTree = "<group>";
		};
		6DD4DBC82C6AC199005A662E /* Preview Content */ = {
			isa = PBXGroup;
			children = (
				6DD4DBC92C6AC199005A662E /* Preview Assets.xcassets */,
			);
			path = "Preview Content";
			sourceTree = "<group>";
		};
/* End PBXGroup section */

/* Begin PBXNativeTarget section */
		6DD4DBBE2C6AC198005A662E /* LUNA */ = {
			isa = PBXNativeTarget;
			buildConfigurationList = 6DD4DBCD2C6AC199005A662E /* Build configuration list for PBXNativeTarget "LUNA" */;
			buildPhases = (
				6DD4DBBB2C6AC198005A662E /* Sources */,
				6DD4DBBC2C6AC198005A662E /* Frameworks */,
				6DD4DBBD2C6AC198005A662E /* Resources */,
			);
			buildRules = (
			);
			dependencies = (
			);
			name = LUNA;
			productName = LUNA;
			productReference = 6DD4DBBF2C6AC198005A662E /* LUNA.app */;
			productType = "com.apple.product-type.application";
		};
/* End PBXNativeTarget section */

/* Begin PBXProject section */
		6DD4DBB72C6AC198005A662E /* Project object */ = {
			isa = PBXProject;
			attributes = {
				BuildIndependentTargetsInParallel = 1;
				LastSwiftUpdateCheck = 1530;
				LastUpgradeCheck = 1530;
				TargetAttributes = {
					6DD4DBBE2C6AC198005A662E = {
						CreatedOnToolsVersion = 15.3;
					};
				};
			};
			buildConfigurationList = 6DD4DBBA2C6AC198005A662E /* Build configuration list for PBXProject "LUNA" */;
			compatibilityVersion = "Xcode 14.0";
			developmentRegion = en;
			hasScannedForEncodings = 0;
			knownRegions = (
				en,
				Base,
			);
			mainGroup = 6DD4DBB62C6AC198005A662E;
			productRefGroup = 6DD4DBC02C6AC198005A662E /* Products */;
			projectDirPath = "";
			projectRoot = "";
			targets = (
				6DD4DBBE2C6AC198005A662E /* LUNA */,
			);
		};
/* End PBXProject section */

/* Begin PBXResourcesBuildPhase section */
		6DD4DBBD2C6AC198005A662E /* Resources */ = {
			isa = PBXResourcesBuildPhase;
			buildActionMask = 2147483647;
			files = (
				6DD4DBCA2C6AC199005A662E /* Preview Assets.xcassets in Resources */,
				6DD4DBC72C6AC199005A662E /* Assets.xcassets in Resources */,
			);
			runOnlyForDeploymentPostprocessing = 0;
		};
/* End PBXResourcesBuildPhase section */

/* Begin PBXSourcesBuildPhase section */
		6DD4DBBB2C6AC198005A662E /* Sources */ = {
			isa = PBXSourcesBuildPhase;
			buildActionMask = 2147483647;
			files = (
				6D53DB4A2CBDB8800025FDD0 /* settingsView.swift in Sources */,
				6D4341BD2CC00E11001836BB /* addPinModal.swift in Sources */,
				6D88BE502C98C1E2002B9F2B /* MemoryData.swift in Sources */,
				6DF90BAF2CBF3FFD00918174 /* AppState.swift in Sources */,
				6D88BE522C98C30D002B9F2B /* UserPartnershipData.swift in Sources */,
				6D53DB462CBDB8260025FDD0 /* addPinView.swift in Sources */,
				6D53DB4C2CBDCB490025FDD0 /* customTabBar.swift in Sources */,
				6D0705D72CBDEC96004CEC43 /* addPinButton.swift in Sources */,
				6D6DE8CC2CBB5E65004E3A0F /* pinListView.swift in Sources */,
				6DF90BAD2CBF3A1800918174 /* pinDetailView.swift in Sources */,
				6D0705D52CBDE737004CEC43 /* TabBar.swift in Sources */,
				6D88BE542C98C4C6002B9F2B /* LoginRequest.swift in Sources */,
				6D6DE8CA2CBB5C3C004E3A0F /* homeView.swift in Sources */,
				6D53DB482CBDB85D0025FDD0 /* partnerView.swift in Sources */,
				6D88BE4E2C950DDC002B9F2B /* PinData.swift in Sources */,
				6D88BE482C8FC0AF002B9F2B /* UserData.swift in Sources */,
				6D88BE562C98C69E002B9F2B /* UserViewModel.swift in Sources */,
				6D88BE422C8FB860002B9F2B /* CounterData.swift in Sources */,
				6DD4DBC32C6AC198005A662E /* LUNAApp.swift in Sources */,
			);
			runOnlyForDeploymentPostprocessing = 0;
		};
/* End PBXSourcesBuildPhase section */

/* Begin XCBuildConfiguration section */
		6DD4DBCB2C6AC199005A662E /* Debug */ = {
			isa = XCBuildConfiguration;
			buildSettings = {
				ALWAYS_SEARCH_USER_PATHS = NO;
				ASSETCATALOG_COMPILER_GENERATE_SWIFT_ASSET_SYMBOL_EXTENSIONS = YES;
				CLANG_ANALYZER_NONNULL = YES;
				CLANG_ANALYZER_NUMBER_OBJECT_CONVERSION = YES_AGGRESSIVE;
				CLANG_CXX_LANGUAGE_STANDARD = "gnu++20";
				CLANG_ENABLE_MODULES = YES;
				CLANG_ENABLE_OBJC_ARC = YES;
				CLANG_ENABLE_OBJC_WEAK = YES;
				CLANG_WARN_BLOCK_CAPTURE_AUTORELEASING = YES;
				CLANG_WARN_BOOL_CONVERSION = YES;
				CLANG_WARN_COMMA = YES;
				CLANG_WARN_CONSTANT_CONVERSION = YES;
				CLANG_WARN_DEPRECATED_OBJC_IMPLEMENTATIONS = YES;
				CLANG_WARN_DIRECT_OBJC_ISA_USAGE = YES_ERROR;
				CLANG_WARN_DOCUMENTATION_COMMENTS = YES;
				CLANG_WARN_EMPTY_BODY = YES;
				CLANG_WARN_ENUM_CONVERSION = YES;
				CLANG_WARN_INFINITE_RECURSION = YES;
				CLANG_WARN_INT_CONVERSION = YES;
				CLANG_WARN_NON_LITERAL_NULL_CONVERSION = YES;
				CLANG_WARN_OBJC_IMPLICIT_RETAIN_SELF = YES;
				CLANG_WARN_OBJC_LITERAL_CONVERSION = YES;
				CLANG_WARN_OBJC_ROOT_CLASS = YES_ERROR;
				CLANG_WARN_QUOTED_INCLUDE_IN_FRAMEWORK_HEADER = YES;
				CLANG_WARN_RANGE_LOOP_ANALYSIS = YES;
				CLANG_WARN_STRICT_PROTOTYPES = YES;
				CLANG_WARN_SUSPICIOUS_MOVE = YES;
				CLANG_WARN_UNGUARDED_AVAILABILITY = YES_AGGRESSIVE;
				CLANG_WARN_UNREACHABLE_CODE = YES;
				CLANG_WARN__DUPLICATE_METHOD_MATCH = YES;
				COPY_PHASE_STRIP = NO;
				DEBUG_INFORMATION_FORMAT = dwarf;
				ENABLE_STRICT_OBJC_MSGSEND = YES;
				ENABLE_TESTABILITY = YES;
				ENABLE_USER_SCRIPT_SANDBOXING = YES;
				GCC_C_LANGUAGE_STANDARD = gnu17;
				GCC_DYNAMIC_NO_PIC = NO;
				GCC_NO_COMMON_BLOCKS = YES;
				GCC_OPTIMIZATION_LEVEL = 0;
				GCC_PREPROCESSOR_DEFINITIONS = (
					"DEBUG=1",
					"$(inherited)",
				);
				GCC_WARN_64_TO_32_BIT_CONVERSION = YES;
				GCC_WARN_ABOUT_RETURN_TYPE = YES_ERROR;
				GCC_WARN_UNDECLARED_SELECTOR = YES;
				GCC_WARN_UNINITIALIZED_AUTOS = YES_AGGRESSIVE;
				GCC_WARN_UNUSED_FUNCTION = YES;
				GCC_WARN_UNUSED_VARIABLE = YES;
				IPHONEOS_DEPLOYMENT_TARGET = 17.4;
				LOCALIZATION_PREFERS_STRING_CATALOGS = YES;
				MTL_ENABLE_DEBUG_INFO = INCLUDE_SOURCE;
				MTL_FAST_MATH = YES;
				ONLY_ACTIVE_ARCH = YES;
				SDKROOT = iphoneos;
				SWIFT_ACTIVE_COMPILATION_CONDITIONS = "DEBUG $(inherited)";
				SWIFT_OPTIMIZATION_LEVEL = "-Onone";
			};
			name = Debug;
		};
		6DD4DBCC2C6AC199005A662E /* Release */ = {
			isa = XCBuildConfiguration;
			buildSettings = {
				ALWAYS_SEARCH_USER_PATHS = NO;
				ASSETCATALOG_COMPILER_GENERATE_SWIFT_ASSET_SYMBOL_EXTENSIONS = YES;
				CLANG_ANALYZER_NONNULL = YES;
				CLANG_ANALYZER_NUMBER_OBJECT_CONVERSION = YES_AGGRESSIVE;
				CLANG_CXX_LANGUAGE_STANDARD = "gnu++20";
				CLANG_ENABLE_MODULES = YES;
				CLANG_ENABLE_OBJC_ARC = YES;
				CLANG_ENABLE_OBJC_WEAK = YES;
				CLANG_WARN_BLOCK_CAPTURE_AUTORELEASING = YES;
				CLANG_WARN_BOOL_CONVERSION = YES;
				CLANG_WARN_COMMA = YES;
				CLANG_WARN_CONSTANT_CONVERSION = YES;
				CLANG_WARN_DEPRECATED_OBJC_IMPLEMENTATIONS = YES;
				CLANG_WARN_DIRECT_OBJC_ISA_USAGE = YES_ERROR;
				CLANG_WARN_DOCUMENTATION_COMMENTS = YES;
				CLANG_WARN_EMPTY_BODY = YES;
				CLANG_WARN_ENUM_CONVERSION = YES;
				CLANG_WARN_INFINITE_RECURSION = YES;
				CLANG_WARN_INT_CONVERSION = YES;
				CLANG_WARN_NON_LITERAL_NULL_CONVERSION = YES;
				CLANG_WARN_OBJC_IMPLICIT_RETAIN_SELF = YES;
				CLANG_WARN_OBJC_LITERAL_CONVERSION = YES;
				CLANG_WARN_OBJC_ROOT_CLASS = YES_ERROR;
				CLANG_WARN_QUOTED_INCLUDE_IN_FRAMEWORK_HEADER = YES;
				CLANG_WARN_RANGE_LOOP_ANALYSIS = YES;
				CLANG_WARN_STRICT_PROTOTYPES = YES;
				CLANG_WARN_SUSPICIOUS_MOVE = YES;
				CLANG_WARN_UNGUARDED_AVAILABILITY = YES_AGGRESSIVE;
				CLANG_WARN_UNREACHABLE_CODE = YES;
				CLANG_WARN__DUPLICATE_METHOD_MATCH = YES;
				COPY_PHASE_STRIP = NO;
				DEBUG_INFORMATION_FORMAT = "dwarf-with-dsym";
				ENABLE_NS_ASSERTIONS = NO;
				ENABLE_STRICT_OBJC_MSGSEND = YES;
				ENABLE_USER_SCRIPT_SANDBOXING = YES;
				GCC_C_LANGUAGE_STANDARD = gnu17;
				GCC_NO_COMMON_BLOCKS = YES;
				GCC_WARN_64_TO_32_BIT_CONVERSION = YES;
				GCC_WARN_ABOUT_RETURN_TYPE = YES_ERROR;
				GCC_WARN_UNDECLARED_SELECTOR = YES;
				GCC_WARN_UNINITIALIZED_AUTOS = YES_AGGRESSIVE;
				GCC_WARN_UNUSED_FUNCTION = YES;
				GCC_WARN_UNUSED_VARIABLE = YES;
				IPHONEOS_DEPLOYMENT_TARGET = 17.4;
				LOCALIZATION_PREFERS_STRING_CATALOGS = YES;
				MTL_ENABLE_DEBUG_INFO = NO;
				MTL_FAST_MATH = YES;
				SDKROOT = iphoneos;
				SWIFT_COMPILATION_MODE = wholemodule;
				VALIDATE_PRODUCT = YES;
			};
			name = Release;
		};
		6DD4DBCE2C6AC199005A662E /* Debug */ = {
			isa = XCBuildConfiguration;
			buildSettings = {
				ASSETCATALOG_COMPILER_APPICON_NAME = AppIcon;
				ASSETCATALOG_COMPILER_GLOBAL_ACCENT_COLOR_NAME = AccentColor;
				ASSETCATALOG_COMPILER_INCLUDE_ALL_APPICON_ASSETS = NO;
				CODE_SIGN_STYLE = Automatic;
				CURRENT_PROJECT_VERSION = 1;
				DEVELOPMENT_ASSET_PATHS = "\"LUNA/Preview Content\"";
				DEVELOPMENT_TEAM = JAWGB6RR46;
				ENABLE_PREVIEWS = YES;
				GENERATE_INFOPLIST_FILE = YES;
				INFOPLIST_KEY_UIApplicationSceneManifest_Generation = YES;
				INFOPLIST_KEY_UIApplicationSupportsIndirectInputEvents = YES;
				INFOPLIST_KEY_UILaunchScreen_Generation = YES;
				INFOPLIST_KEY_UISupportedInterfaceOrientations_iPad = "UIInterfaceOrientationPortrait UIInterfaceOrientationPortraitUpsideDown UIInterfaceOrientationLandscapeLeft UIInterfaceOrientationLandscapeRight";
				INFOPLIST_KEY_UISupportedInterfaceOrientations_iPhone = "UIInterfaceOrientationPortrait UIInterfaceOrientationLandscapeLeft UIInterfaceOrientationLandscapeRight";
				IPHONEOS_DEPLOYMENT_TARGET = 18.0;
				LD_RUNPATH_SEARCH_PATHS = (
					"$(inherited)",
					"@executable_path/Frameworks",
				);
				MARKETING_VERSION = 1.0;
				PRODUCT_BUNDLE_IDENTIFIER = Ivan.LUNA;
				PRODUCT_NAME = "$(TARGET_NAME)";
				SWIFT_EMIT_LOC_STRINGS = YES;
				SWIFT_VERSION = 5.0;
				TARGETED_DEVICE_FAMILY = "1,2";
			};
			name = Debug;
		};
		6DD4DBCF2C6AC199005A662E /* Release */ = {
			isa = XCBuildConfiguration;
			buildSettings = {
				ASSETCATALOG_COMPILER_APPICON_NAME = AppIcon;
				"ASSETCATALOG_COMPILER_APPICON_NAME[sdk=iphoneos*]" = AppIcon;
				ASSETCATALOG_COMPILER_GLOBAL_ACCENT_COLOR_NAME = AccentColor;
				ASSETCATALOG_COMPILER_INCLUDE_ALL_APPICON_ASSETS = NO;
				CODE_SIGN_STYLE = Automatic;
				CURRENT_PROJECT_VERSION = 1;
				DEVELOPMENT_ASSET_PATHS = "\"LUNA/Preview Content\"";
				DEVELOPMENT_TEAM = JAWGB6RR46;
				ENABLE_PREVIEWS = YES;
				GENERATE_INFOPLIST_FILE = YES;
				INFOPLIST_KEY_UIApplicationSceneManifest_Generation = YES;
				INFOPLIST_KEY_UIApplicationSupportsIndirectInputEvents = YES;
				INFOPLIST_KEY_UILaunchScreen_Generation = YES;
				INFOPLIST_KEY_UISupportedInterfaceOrientations_iPad = "UIInterfaceOrientationPortrait UIInterfaceOrientationPortraitUpsideDown UIInterfaceOrientationLandscapeLeft UIInterfaceOrientationLandscapeRight";
				INFOPLIST_KEY_UISupportedInterfaceOrientations_iPhone = "UIInterfaceOrientationPortrait UIInterfaceOrientationLandscapeLeft UIInterfaceOrientationLandscapeRight";
				IPHONEOS_DEPLOYMENT_TARGET = 18.0;
				LD_RUNPATH_SEARCH_PATHS = (
					"$(inherited)",
					"@executable_path/Frameworks",
				);
				MARKETING_VERSION = 1.0;
				PRODUCT_BUNDLE_IDENTIFIER = Ivan.LUNA;
				PRODUCT_NAME = "$(TARGET_NAME)";
				SWIFT_EMIT_LOC_STRINGS = YES;
				SWIFT_VERSION = 5.0;
				TARGETED_DEVICE_FAMILY = "1,2";
			};
			name = Release;
		};
/* End XCBuildConfiguration section */

/* Begin XCConfigurationList section */
		6DD4DBBA2C6AC198005A662E /* Build configuration list for PBXProject "LUNA" */ = {
			isa = XCConfigurationList;
			buildConfigurations = (
				6DD4DBCB2C6AC199005A662E /* Debug */,
				6DD4DBCC2C6AC199005A662E /* Release */,
			);
			defaultConfigurationIsVisible = 0;
			defaultConfigurationName = Release;
		};
		6DD4DBCD2C6AC199005A662E /* Build configuration list for PBXNativeTarget "LUNA" */ = {
			isa = XCConfigurationList;
			buildConfigurations = (
				6DD4DBCE2C6AC199005A662E /* Debug */,
				6DD4DBCF2C6AC199005A662E /* Release */,
			);
			defaultConfigurationIsVisible = 0;
			defaultConfigurationName = Release;
		};
/* End XCConfigurationList section */
	};
	rootObject = 6DD4DBB72C6AC198005A662E /* Project object */;
}
